// !$*UTF8*$!
{
	archiveVersion = 1;
	classes = {
	};
	objectVersion = 55;
	objects = {

/* Begin PBXBuildFile section */
		7850F1FB2AF4E8D000AB6AFA /* LoginResponse.swift in Sources */ = {isa = PBXBuildFile; fileRef = 7850F1F52AF4E8D000AB6AFA /* LoginResponse.swift */; };
		7850F1FC2AF4E8D000AB6AFA /* APIClient.swift in Sources */ = {isa = PBXBuildFile; fileRef = 7850F1F62AF4E8D000AB6AFA /* APIClient.swift */; };
		7850F1FD2AF4E8D000AB6AFA /* APIRouter.swift in Sources */ = {isa = PBXBuildFile; fileRef = 7850F1F72AF4E8D000AB6AFA /* APIRouter.swift */; };
		7850F1FE2AF4E8D000AB6AFA /* LoginRequest.swift in Sources */ = {isa = PBXBuildFile; fileRef = 7850F1F92AF4E8D000AB6AFA /* LoginRequest.swift */; };
		7850F1FF2AF4E8D000AB6AFA /* APIConfiguratoin.swift in Sources */ = {isa = PBXBuildFile; fileRef = 7850F1FA2AF4E8D000AB6AFA /* APIConfiguratoin.swift */; };
		7850F2132AF4E8EA00AB6AFA /* CDT+Images.swift in Sources */ = {isa = PBXBuildFile; fileRef = 7850F2022AF4E8EA00AB6AFA /* CDT+Images.swift */; };
		7850F2142AF4E8EA00AB6AFA /* CDT+UIImage.swift in Sources */ = {isa = PBXBuildFile; fileRef = 7850F2032AF4E8EA00AB6AFA /* CDT+UIImage.swift */; };
		7850F2152AF4E8EA00AB6AFA /* CustomizedSearchBar.swift in Sources */ = {isa = PBXBuildFile; fileRef = 7850F2052AF4E8EA00AB6AFA /* CustomizedSearchBar.swift */; };
		7850F2162AF4E8EA00AB6AFA /* CDT+UIColor+DesignSystem.swift in Sources */ = {isa = PBXBuildFile; fileRef = 7850F2072AF4E8EA00AB6AFA /* CDT+UIColor+DesignSystem.swift */; };
		7850F2172AF4E8EA00AB6AFA /* CDT+UIColor.swift in Sources */ = {isa = PBXBuildFile; fileRef = 7850F2082AF4E8EA00AB6AFA /* CDT+UIColor.swift */; };
		7850F2182AF4E8EA00AB6AFA /* NibBasedView.swift in Sources */ = {isa = PBXBuildFile; fileRef = 7850F20A2AF4E8EA00AB6AFA /* NibBasedView.swift */; };
		7850F2192AF4E8EA00AB6AFA /* NibBasedTableViewHeaderFooterView.swift in Sources */ = {isa = PBXBuildFile; fileRef = 7850F20C2AF4E8EA00AB6AFA /* NibBasedTableViewHeaderFooterView.swift */; };
		7850F21A2AF4E8EA00AB6AFA /* NibBasedTableViewCell.swift in Sources */ = {isa = PBXBuildFile; fileRef = 7850F20D2AF4E8EA00AB6AFA /* NibBasedTableViewCell.swift */; };
		7850F21B2AF4E8EA00AB6AFA /* NibBasedControl.swift in Sources */ = {isa = PBXBuildFile; fileRef = 7850F20E2AF4E8EA00AB6AFA /* NibBasedControl.swift */; };
		7850F21C2AF4E8EA00AB6AFA /* NibLoadableViewProtocol.swift in Sources */ = {isa = PBXBuildFile; fileRef = 7850F20F2AF4E8EA00AB6AFA /* NibLoadableViewProtocol.swift */; };
		7850F21D2AF4E8EA00AB6AFA /* NibBasedCollectionViewCell.swift in Sources */ = {isa = PBXBuildFile; fileRef = 7850F2112AF4E8EA00AB6AFA /* NibBasedCollectionViewCell.swift */; };
		7850F21E2AF4E8EA00AB6AFA /* NibBasedCollectionViewReusableView.swift in Sources */ = {isa = PBXBuildFile; fileRef = 7850F2122AF4E8EA00AB6AFA /* NibBasedCollectionViewReusableView.swift */; };
		786F67D52AF363EF004E59F7 /* MainAppDelegate.swift in Sources */ = {isa = PBXBuildFile; fileRef = 786F67D42AF363EF004E59F7 /* MainAppDelegate.swift */; };
		786F67D72AF363EF004E59F7 /* MainSceneDelegate.swift in Sources */ = {isa = PBXBuildFile; fileRef = 786F67D62AF363EF004E59F7 /* MainSceneDelegate.swift */; };
		786F67DE2AF363EF004E59F7 /* Assets.xcassets in Resources */ = {isa = PBXBuildFile; fileRef = 786F67DD2AF363EF004E59F7 /* Assets.xcassets */; };
		786F67E12AF363EF004E59F7 /* LaunchScreen.storyboard in Resources */ = {isa = PBXBuildFile; fileRef = 786F67DF2AF363EF004E59F7 /* LaunchScreen.storyboard */; };
		786F68312AF398FF004E59F7 /* Color.xcassets in Resources */ = {isa = PBXBuildFile; fileRef = 786F68302AF398FF004E59F7 /* Color.xcassets */; };
		786F683C2AF39C00004E59F7 /* DashboardTabBar.swift in Sources */ = {isa = PBXBuildFile; fileRef = 786F683B2AF39C00004E59F7 /* DashboardTabBar.swift */; };
		786F68422AF39F9D004E59F7 /* DashboardTabBarController.swift in Sources */ = {isa = PBXBuildFile; fileRef = 786F68412AF39F9D004E59F7 /* DashboardTabBarController.swift */; };
		786F68472AF3A172004E59F7 /* HomeController.swift in Sources */ = {isa = PBXBuildFile; fileRef = 786F68452AF3A172004E59F7 /* HomeController.swift */; };
		786F68482AF3A172004E59F7 /* HomeController.xib in Resources */ = {isa = PBXBuildFile; fileRef = 786F68462AF3A172004E59F7 /* HomeController.xib */; };
		786F684A2AF3A1BA004E59F7 /* DashboardNavigationController.swift in Sources */ = {isa = PBXBuildFile; fileRef = 786F68492AF3A1BA004E59F7 /* DashboardNavigationController.swift */; };
		786F684C2AF3A298004E59F7 /* App.swift in Sources */ = {isa = PBXBuildFile; fileRef = 786F684B2AF3A298004E59F7 /* App.swift */; };
		786F684E2AF3A885004E59F7 /* main.swift in Sources */ = {isa = PBXBuildFile; fileRef = 786F684D2AF3A885004E59F7 /* main.swift */; };
		786F68512AF3AB4F004E59F7 /* UIImage+Ext.swift in Sources */ = {isa = PBXBuildFile; fileRef = 786F68502AF3AB4F004E59F7 /* UIImage+Ext.swift */; };
		786F68532AF3B39B004E59F7 /* UIView+Ext.swift in Sources */ = {isa = PBXBuildFile; fileRef = 786F68522AF3B39B004E59F7 /* UIView+Ext.swift */; };
		786F68592AF3C745004E59F7 /* HomeController+IB.swift in Sources */ = {isa = PBXBuildFile; fileRef = 786F68582AF3C745004E59F7 /* HomeController+IB.swift */; };
		78AEED91F5A983E7B4EDFA01 /* Pods_CodingTestOneNex.framework in Frameworks */ = {isa = PBXBuildFile; fileRef = DBF33517C38DC8FBAE880F9A /* Pods_CodingTestOneNex.framework */; };
		78B65E432AF40E8F0028B84A /* BannerView.xib in Resources */ = {isa = PBXBuildFile; fileRef = 78B65E412AF40E8F0028B84A /* BannerView.xib */; };
		78B65E442AF40E8F0028B84A /* BannerView.swift in Sources */ = {isa = PBXBuildFile; fileRef = 78B65E422AF40E8F0028B84A /* BannerView.swift */; };
		78B65E482AF411AA0028B84A /* SpecialPromotionView.swift in Sources */ = {isa = PBXBuildFile; fileRef = 78B65E462AF411AA0028B84A /* SpecialPromotionView.swift */; };
		78B65E492AF411AA0028B84A /* SpecialPromotionView.xib in Resources */ = {isa = PBXBuildFile; fileRef = 78B65E472AF411AA0028B84A /* SpecialPromotionView.xib */; };
		78B65E4E2AF4129D0028B84A /* SpecialpromotionItemCell.swift in Sources */ = {isa = PBXBuildFile; fileRef = 78B65E4C2AF4129D0028B84A /* SpecialpromotionItemCell.swift */; };
		78B65E4F2AF4129D0028B84A /* SpecialpromotionItemCell.xib in Resources */ = {isa = PBXBuildFile; fileRef = 78B65E4D2AF4129D0028B84A /* SpecialpromotionItemCell.xib */; };
		78B65E532AF419480028B84A /* PromotionView.swift in Sources */ = {isa = PBXBuildFile; fileRef = 78B65E512AF419480028B84A /* PromotionView.swift */; };
		78B65E542AF419480028B84A /* PromotionView.xib in Resources */ = {isa = PBXBuildFile; fileRef = 78B65E522AF419480028B84A /* PromotionView.xib */; };
		78B65E582AF41A320028B84A /* PromotionItemCell.swift in Sources */ = {isa = PBXBuildFile; fileRef = 78B65E562AF41A320028B84A /* PromotionItemCell.swift */; };
		78B65E592AF41A320028B84A /* PromotionItemCell.xib in Resources */ = {isa = PBXBuildFile; fileRef = 78B65E572AF41A320028B84A /* PromotionItemCell.xib */; };
		78B65E5D2AF425F00028B84A /* AnnouncementView.swift in Sources */ = {isa = PBXBuildFile; fileRef = 78B65E5B2AF425F00028B84A /* AnnouncementView.swift */; };
		78B65E5E2AF425F00028B84A /* AnnouncementView.xib in Resources */ = {isa = PBXBuildFile; fileRef = 78B65E5C2AF425F00028B84A /* AnnouncementView.xib */; };
		78B65E622AF426900028B84A /* AnnouncementItemCell.swift in Sources */ = {isa = PBXBuildFile; fileRef = 78B65E602AF426900028B84A /* AnnouncementItemCell.swift */; };
		78B65E632AF426900028B84A /* AnnouncementItemCell.xib in Resources */ = {isa = PBXBuildFile; fileRef = 78B65E612AF426900028B84A /* AnnouncementItemCell.xib */; };
		78B65E672AF42CB60028B84A /* NewsletterItemCell.swift in Sources */ = {isa = PBXBuildFile; fileRef = 78B65E652AF42CB60028B84A /* NewsletterItemCell.swift */; };
		78B65E682AF42CB60028B84A /* NewsletterItemCell.xib in Resources */ = {isa = PBXBuildFile; fileRef = 78B65E662AF42CB60028B84A /* NewsletterItemCell.xib */; };
		78B65E6C2AF42E280028B84A /* NewsletterView.swift in Sources */ = {isa = PBXBuildFile; fileRef = 78B65E6A2AF42E280028B84A /* NewsletterView.swift */; };
		78B65E6D2AF42E280028B84A /* NewsletterView.xib in Resources */ = {isa = PBXBuildFile; fileRef = 78B65E6B2AF42E280028B84A /* NewsletterView.xib */; };
/* End PBXBuildFile section */

/* Begin PBXFileReference section */
		59DE311F99A658BA9124641D /* Pods-CodingTestOneNex.release.xcconfig */ = {isa = PBXFileReference; includeInIndex = 1; lastKnownFileType = text.xcconfig; name = "Pods-CodingTestOneNex.release.xcconfig"; path = "Target Support Files/Pods-CodingTestOneNex/Pods-CodingTestOneNex.release.xcconfig"; sourceTree = "<group>"; };
		7850F1F52AF4E8D000AB6AFA /* LoginResponse.swift */ = {isa = PBXFileReference; fileEncoding = 4; lastKnownFileType = sourcecode.swift; path = LoginResponse.swift; sourceTree = "<group>"; };
		7850F1F62AF4E8D000AB6AFA /* APIClient.swift */ = {isa = PBXFileReference; fileEncoding = 4; lastKnownFileType = sourcecode.swift; path = APIClient.swift; sourceTree = "<group>"; };
		7850F1F72AF4E8D000AB6AFA /* APIRouter.swift */ = {isa = PBXFileReference; fileEncoding = 4; lastKnownFileType = sourcecode.swift; path = APIRouter.swift; sourceTree = "<group>"; };
		7850F1F92AF4E8D000AB6AFA /* LoginRequest.swift */ = {isa = PBXFileReference; fileEncoding = 4; lastKnownFileType = sourcecode.swift; path = LoginRequest.swift; sourceTree = "<group>"; };
		7850F1FA2AF4E8D000AB6AFA /* APIConfiguratoin.swift */ = {isa = PBXFileReference; fileEncoding = 4; lastKnownFileType = sourcecode.swift; path = APIConfiguratoin.swift; sourceTree = "<group>"; };
		7850F2022AF4E8EA00AB6AFA /* CDT+Images.swift */ = {isa = PBXFileReference; fileEncoding = 4; lastKnownFileType = sourcecode.swift; path = "CDT+Images.swift"; sourceTree = "<group>"; };
		7850F2032AF4E8EA00AB6AFA /* CDT+UIImage.swift */ = {isa = PBXFileReference; fileEncoding = 4; lastKnownFileType = sourcecode.swift; path = "CDT+UIImage.swift"; sourceTree = "<group>"; };
		7850F2052AF4E8EA00AB6AFA /* CustomizedSearchBar.swift */ = {isa = PBXFileReference; fileEncoding = 4; lastKnownFileType = sourcecode.swift; path = CustomizedSearchBar.swift; sourceTree = "<group>"; };
		7850F2072AF4E8EA00AB6AFA /* CDT+UIColor+DesignSystem.swift */ = {isa = PBXFileReference; fileEncoding = 4; lastKnownFileType = sourcecode.swift; path = "CDT+UIColor+DesignSystem.swift"; sourceTree = "<group>"; };
		7850F2082AF4E8EA00AB6AFA /* CDT+UIColor.swift */ = {isa = PBXFileReference; fileEncoding = 4; lastKnownFileType = sourcecode.swift; path = "CDT+UIColor.swift"; sourceTree = "<group>"; };
		7850F20A2AF4E8EA00AB6AFA /* NibBasedView.swift */ = {isa = PBXFileReference; fileEncoding = 4; lastKnownFileType = sourcecode.swift; path = NibBasedView.swift; sourceTree = "<group>"; };
		7850F20C2AF4E8EA00AB6AFA /* NibBasedTableViewHeaderFooterView.swift */ = {isa = PBXFileReference; fileEncoding = 4; lastKnownFileType = sourcecode.swift; path = NibBasedTableViewHeaderFooterView.swift; sourceTree = "<group>"; };
		7850F20D2AF4E8EA00AB6AFA /* NibBasedTableViewCell.swift */ = {isa = PBXFileReference; fileEncoding = 4; lastKnownFileType = sourcecode.swift; path = NibBasedTableViewCell.swift; sourceTree = "<group>"; };
		7850F20E2AF4E8EA00AB6AFA /* NibBasedControl.swift */ = {isa = PBXFileReference; fileEncoding = 4; lastKnownFileType = sourcecode.swift; path = NibBasedControl.swift; sourceTree = "<group>"; };
		7850F20F2AF4E8EA00AB6AFA /* NibLoadableViewProtocol.swift */ = {isa = PBXFileReference; fileEncoding = 4; lastKnownFileType = sourcecode.swift; path = NibLoadableViewProtocol.swift; sourceTree = "<group>"; };
		7850F2112AF4E8EA00AB6AFA /* NibBasedCollectionViewCell.swift */ = {isa = PBXFileReference; fileEncoding = 4; lastKnownFileType = sourcecode.swift; path = NibBasedCollectionViewCell.swift; sourceTree = "<group>"; };
		7850F2122AF4E8EA00AB6AFA /* NibBasedCollectionViewReusableView.swift */ = {isa = PBXFileReference; fileEncoding = 4; lastKnownFileType = sourcecode.swift; path = NibBasedCollectionViewReusableView.swift; sourceTree = "<group>"; };
		786F67D12AF363EF004E59F7 /* CodingTestOneNex.app */ = {isa = PBXFileReference; explicitFileType = wrapper.application; includeInIndex = 0; path = CodingTestOneNex.app; sourceTree = BUILT_PRODUCTS_DIR; };
		786F67D42AF363EF004E59F7 /* MainAppDelegate.swift */ = {isa = PBXFileReference; lastKnownFileType = sourcecode.swift; path = MainAppDelegate.swift; sourceTree = "<group>"; };
		786F67D62AF363EF004E59F7 /* MainSceneDelegate.swift */ = {isa = PBXFileReference; lastKnownFileType = sourcecode.swift; path = MainSceneDelegate.swift; sourceTree = "<group>"; };
		786F67DD2AF363EF004E59F7 /* Assets.xcassets */ = {isa = PBXFileReference; lastKnownFileType = folder.assetcatalog; path = Assets.xcassets; sourceTree = "<group>"; };
		786F67E02AF363EF004E59F7 /* Base */ = {isa = PBXFileReference; lastKnownFileType = file.storyboard; name = Base; path = Base.lproj/LaunchScreen.storyboard; sourceTree = "<group>"; };
		786F67E22AF363EF004E59F7 /* Info.plist */ = {isa = PBXFileReference; lastKnownFileType = text.plist.xml; path = Info.plist; sourceTree = "<group>"; };
		786F68302AF398FF004E59F7 /* Color.xcassets */ = {isa = PBXFileReference; lastKnownFileType = folder.assetcatalog; path = Color.xcassets; sourceTree = "<group>"; };
		786F683B2AF39C00004E59F7 /* DashboardTabBar.swift */ = {isa = PBXFileReference; lastKnownFileType = sourcecode.swift; path = DashboardTabBar.swift; sourceTree = "<group>"; };
		786F683D2AF39C68004E59F7 /* UIComponents.framework */ = {isa = PBXFileReference; explicitFileType = wrapper.framework; path = UIComponents.framework; sourceTree = BUILT_PRODUCTS_DIR; };
		786F68412AF39F9D004E59F7 /* DashboardTabBarController.swift */ = {isa = PBXFileReference; lastKnownFileType = sourcecode.swift; path = DashboardTabBarController.swift; sourceTree = "<group>"; };
		786F68452AF3A172004E59F7 /* HomeController.swift */ = {isa = PBXFileReference; lastKnownFileType = sourcecode.swift; path = HomeController.swift; sourceTree = "<group>"; };
		786F68462AF3A172004E59F7 /* HomeController.xib */ = {isa = PBXFileReference; lastKnownFileType = file.xib; path = HomeController.xib; sourceTree = "<group>"; };
		786F68492AF3A1BA004E59F7 /* DashboardNavigationController.swift */ = {isa = PBXFileReference; lastKnownFileType = sourcecode.swift; path = DashboardNavigationController.swift; sourceTree = "<group>"; };
		786F684B2AF3A298004E59F7 /* App.swift */ = {isa = PBXFileReference; lastKnownFileType = sourcecode.swift; path = App.swift; sourceTree = "<group>"; };
		786F684D2AF3A885004E59F7 /* main.swift */ = {isa = PBXFileReference; lastKnownFileType = sourcecode.swift; path = main.swift; sourceTree = "<group>"; };
		786F68502AF3AB4F004E59F7 /* UIImage+Ext.swift */ = {isa = PBXFileReference; lastKnownFileType = sourcecode.swift; path = "UIImage+Ext.swift"; sourceTree = "<group>"; };
		786F68522AF3B39B004E59F7 /* UIView+Ext.swift */ = {isa = PBXFileReference; lastKnownFileType = sourcecode.swift; path = "UIView+Ext.swift"; sourceTree = "<group>"; };
		786F68582AF3C745004E59F7 /* HomeController+IB.swift */ = {isa = PBXFileReference; lastKnownFileType = sourcecode.swift; path = "HomeController+IB.swift"; sourceTree = "<group>"; };
		78B65E412AF40E8F0028B84A /* BannerView.xib */ = {isa = PBXFileReference; fileEncoding = 4; lastKnownFileType = file.xib; path = BannerView.xib; sourceTree = "<group>"; };
		78B65E422AF40E8F0028B84A /* BannerView.swift */ = {isa = PBXFileReference; fileEncoding = 4; lastKnownFileType = sourcecode.swift; path = BannerView.swift; sourceTree = "<group>"; };
		78B65E462AF411AA0028B84A /* SpecialPromotionView.swift */ = {isa = PBXFileReference; lastKnownFileType = sourcecode.swift; path = SpecialPromotionView.swift; sourceTree = "<group>"; };
		78B65E472AF411AA0028B84A /* SpecialPromotionView.xib */ = {isa = PBXFileReference; lastKnownFileType = file.xib; path = SpecialPromotionView.xib; sourceTree = "<group>"; };
		78B65E4C2AF4129D0028B84A /* SpecialpromotionItemCell.swift */ = {isa = PBXFileReference; lastKnownFileType = sourcecode.swift; path = SpecialpromotionItemCell.swift; sourceTree = "<group>"; };
		78B65E4D2AF4129D0028B84A /* SpecialpromotionItemCell.xib */ = {isa = PBXFileReference; lastKnownFileType = file.xib; path = SpecialpromotionItemCell.xib; sourceTree = "<group>"; };
		78B65E512AF419480028B84A /* PromotionView.swift */ = {isa = PBXFileReference; lastKnownFileType = sourcecode.swift; path = PromotionView.swift; sourceTree = "<group>"; };
		78B65E522AF419480028B84A /* PromotionView.xib */ = {isa = PBXFileReference; lastKnownFileType = file.xib; path = PromotionView.xib; sourceTree = "<group>"; };
		78B65E562AF41A320028B84A /* PromotionItemCell.swift */ = {isa = PBXFileReference; lastKnownFileType = sourcecode.swift; path = PromotionItemCell.swift; sourceTree = "<group>"; };
		78B65E572AF41A320028B84A /* PromotionItemCell.xib */ = {isa = PBXFileReference; lastKnownFileType = file.xib; path = PromotionItemCell.xib; sourceTree = "<group>"; };
		78B65E5B2AF425F00028B84A /* AnnouncementView.swift */ = {isa = PBXFileReference; lastKnownFileType = sourcecode.swift; path = AnnouncementView.swift; sourceTree = "<group>"; };
		78B65E5C2AF425F00028B84A /* AnnouncementView.xib */ = {isa = PBXFileReference; lastKnownFileType = file.xib; path = AnnouncementView.xib; sourceTree = "<group>"; };
		78B65E602AF426900028B84A /* AnnouncementItemCell.swift */ = {isa = PBXFileReference; lastKnownFileType = sourcecode.swift; path = AnnouncementItemCell.swift; sourceTree = "<group>"; };
		78B65E612AF426900028B84A /* AnnouncementItemCell.xib */ = {isa = PBXFileReference; lastKnownFileType = file.xib; path = AnnouncementItemCell.xib; sourceTree = "<group>"; };
		78B65E652AF42CB60028B84A /* NewsletterItemCell.swift */ = {isa = PBXFileReference; lastKnownFileType = sourcecode.swift; path = NewsletterItemCell.swift; sourceTree = "<group>"; };
		78B65E662AF42CB60028B84A /* NewsletterItemCell.xib */ = {isa = PBXFileReference; lastKnownFileType = file.xib; path = NewsletterItemCell.xib; sourceTree = "<group>"; };
		78B65E6A2AF42E280028B84A /* NewsletterView.swift */ = {isa = PBXFileReference; lastKnownFileType = sourcecode.swift; path = NewsletterView.swift; sourceTree = "<group>"; };
		78B65E6B2AF42E280028B84A /* NewsletterView.xib */ = {isa = PBXFileReference; lastKnownFileType = file.xib; path = NewsletterView.xib; sourceTree = "<group>"; };
		DBF33517C38DC8FBAE880F9A /* Pods_CodingTestOneNex.framework */ = {isa = PBXFileReference; explicitFileType = wrapper.framework; includeInIndex = 0; path = Pods_CodingTestOneNex.framework; sourceTree = BUILT_PRODUCTS_DIR; };
		F9D8DE0DE8DD1979A26E70C5 /* Pods-CodingTestOneNex.debug.xcconfig */ = {isa = PBXFileReference; includeInIndex = 1; lastKnownFileType = text.xcconfig; name = "Pods-CodingTestOneNex.debug.xcconfig"; path = "Target Support Files/Pods-CodingTestOneNex/Pods-CodingTestOneNex.debug.xcconfig"; sourceTree = "<group>"; };
/* End PBXFileReference section */

/* Begin PBXFrameworksBuildPhase section */
		786F67CE2AF363EF004E59F7 /* Frameworks */ = {
			isa = PBXFrameworksBuildPhase;
			buildActionMask = 2147483647;
			files = (
				78AEED91F5A983E7B4EDFA01 /* Pods_CodingTestOneNex.framework in Frameworks */,
			);
			runOnlyForDeploymentPostprocessing = 0;
		};
/* End PBXFrameworksBuildPhase section */

/* Begin PBXGroup section */
		45DBB9599461C81A1A219D30 /* Pods */ = {
			isa = PBXGroup;
			children = (
				F9D8DE0DE8DD1979A26E70C5 /* Pods-CodingTestOneNex.debug.xcconfig */,
				59DE311F99A658BA9124641D /* Pods-CodingTestOneNex.release.xcconfig */,
			);
			path = Pods;
			sourceTree = "<group>";
		};
		7850F1F32AF4E8D000AB6AFA /* Networking */ = {
			isa = PBXGroup;
			children = (
				7850F1F82AF4E8D000AB6AFA /* request */,
				7850F1F42AF4E8D000AB6AFA /* response */,
				7850F1F62AF4E8D000AB6AFA /* APIClient.swift */,
				7850F1F72AF4E8D000AB6AFA /* APIRouter.swift */,
				7850F1FA2AF4E8D000AB6AFA /* APIConfiguratoin.swift */,
			);
			path = Networking;
			sourceTree = "<group>";
		};
		7850F1F42AF4E8D000AB6AFA /* response */ = {
			isa = PBXGroup;
			children = (
				7850F1F52AF4E8D000AB6AFA /* LoginResponse.swift */,
			);
			path = response;
			sourceTree = "<group>";
		};
		7850F1F82AF4E8D000AB6AFA /* request */ = {
			isa = PBXGroup;
			children = (
				7850F1F92AF4E8D000AB6AFA /* LoginRequest.swift */,
			);
			path = request;
			sourceTree = "<group>";
		};
		7850F2002AF4E8EA00AB6AFA /* UIComponents */ = {
			isa = PBXGroup;
			children = (
				7850F2012AF4E8EA00AB6AFA /* images */,
				7850F2042AF4E8EA00AB6AFA /* components */,
				7850F2062AF4E8EA00AB6AFA /* colors */,
				7850F2092AF4E8EA00AB6AFA /* nib-loadable-view */,
			);
			path = UIComponents;
			sourceTree = "<group>";
		};
		7850F2012AF4E8EA00AB6AFA /* images */ = {
			isa = PBXGroup;
			children = (
				7850F2022AF4E8EA00AB6AFA /* CDT+Images.swift */,
				7850F2032AF4E8EA00AB6AFA /* CDT+UIImage.swift */,
			);
			path = images;
			sourceTree = "<group>";
		};
		7850F2042AF4E8EA00AB6AFA /* components */ = {
			isa = PBXGroup;
			children = (
				7850F2052AF4E8EA00AB6AFA /* CustomizedSearchBar.swift */,
			);
			path = components;
			sourceTree = "<group>";
		};
		7850F2062AF4E8EA00AB6AFA /* colors */ = {
			isa = PBXGroup;
			children = (
				7850F2072AF4E8EA00AB6AFA /* CDT+UIColor+DesignSystem.swift */,
				7850F2082AF4E8EA00AB6AFA /* CDT+UIColor.swift */,
			);
			path = colors;
			sourceTree = "<group>";
		};
		7850F2092AF4E8EA00AB6AFA /* nib-loadable-view */ = {
			isa = PBXGroup;
			children = (
				7850F20A2AF4E8EA00AB6AFA /* NibBasedView.swift */,
				7850F20B2AF4E8EA00AB6AFA /* table-view */,
				7850F20E2AF4E8EA00AB6AFA /* NibBasedControl.swift */,
				7850F20F2AF4E8EA00AB6AFA /* NibLoadableViewProtocol.swift */,
				7850F2102AF4E8EA00AB6AFA /* collection-view */,
			);
			path = "nib-loadable-view";
			sourceTree = "<group>";
		};
		7850F20B2AF4E8EA00AB6AFA /* table-view */ = {
			isa = PBXGroup;
			children = (
				7850F20C2AF4E8EA00AB6AFA /* NibBasedTableViewHeaderFooterView.swift */,
				7850F20D2AF4E8EA00AB6AFA /* NibBasedTableViewCell.swift */,
			);
			path = "table-view";
			sourceTree = "<group>";
		};
		7850F2102AF4E8EA00AB6AFA /* collection-view */ = {
			isa = PBXGroup;
			children = (
				7850F2112AF4E8EA00AB6AFA /* NibBasedCollectionViewCell.swift */,
				7850F2122AF4E8EA00AB6AFA /* NibBasedCollectionViewReusableView.swift */,
			);
			path = "collection-view";
			sourceTree = "<group>";
		};
		786F67C82AF363EF004E59F7 = {
			isa = PBXGroup;
			children = (
				786F67D32AF363EF004E59F7 /* CodingTestOneNex */,
				786F67D22AF363EF004E59F7 /* Products */,
				45DBB9599461C81A1A219D30 /* Pods */,
				7EDBFFFE6285C5AB90C00A5D /* Frameworks */,
			);
			sourceTree = "<group>";
		};
		786F67D22AF363EF004E59F7 /* Products */ = {
			isa = PBXGroup;
			children = (
				786F67D12AF363EF004E59F7 /* CodingTestOneNex.app */,
			);
			name = Products;
			sourceTree = "<group>";
		};
		786F67D32AF363EF004E59F7 /* CodingTestOneNex */ = {
			isa = PBXGroup;
			children = (
				7850F2002AF4E8EA00AB6AFA /* UIComponents */,
				7850F1F32AF4E8D000AB6AFA /* Networking */,
				786F684F2AF3AB36004E59F7 /* Extensions */,
				786F68322AF39989004E59F7 /* PresentaionLayer */,
				786F67E82AF36652004E59F7 /* Application */,
				786F67ED2AF366BD004E59F7 /* Storyboards */,
				786F67EB2AF36693004E59F7 /* Resources */,
			);
			path = CodingTestOneNex;
			sourceTree = "<group>";
		};
		786F67E82AF36652004E59F7 /* Application */ = {
			isa = PBXGroup;
			children = (
				786F67EC2AF366A4004E59F7 /* Info */,
				786F67EA2AF3666A004E59F7 /* SceneDelegate */,
				786F67E92AF36658004E59F7 /* AppDelegate */,
				786F684B2AF3A298004E59F7 /* App.swift */,
				786F684D2AF3A885004E59F7 /* main.swift */,
			);
			path = Application;
			sourceTree = "<group>";
		};
		786F67E92AF36658004E59F7 /* AppDelegate */ = {
			isa = PBXGroup;
			children = (
				786F67D42AF363EF004E59F7 /* MainAppDelegate.swift */,
			);
			path = AppDelegate;
			sourceTree = "<group>";
		};
		786F67EA2AF3666A004E59F7 /* SceneDelegate */ = {
			isa = PBXGroup;
			children = (
				786F67D62AF363EF004E59F7 /* MainSceneDelegate.swift */,
			);
			path = SceneDelegate;
			sourceTree = "<group>";
		};
		786F67EB2AF36693004E59F7 /* Resources */ = {
			isa = PBXGroup;
			children = (
				786F682B2AF398CE004E59F7 /* Color */,
				786F67DD2AF363EF004E59F7 /* Assets.xcassets */,
			);
			path = Resources;
			sourceTree = "<group>";
		};
		786F67EC2AF366A4004E59F7 /* Info */ = {
			isa = PBXGroup;
			children = (
				786F67E22AF363EF004E59F7 /* Info.plist */,
			);
			path = Info;
			sourceTree = "<group>";
		};
		786F67ED2AF366BD004E59F7 /* Storyboards */ = {
			isa = PBXGroup;
			children = (
				786F67DF2AF363EF004E59F7 /* LaunchScreen.storyboard */,
			);
			path = Storyboards;
			sourceTree = "<group>";
		};
		786F682B2AF398CE004E59F7 /* Color */ = {
			isa = PBXGroup;
			children = (
				786F68302AF398FF004E59F7 /* Color.xcassets */,
			);
			path = Color;
			sourceTree = "<group>";
		};
		786F68322AF39989004E59F7 /* PresentaionLayer */ = {
			isa = PBXGroup;
			children = (
				786F68432AF3A14B004E59F7 /* Home */,
				786F68332AF3999C004E59F7 /* Dashboard */,
			);
			path = PresentaionLayer;
			sourceTree = "<group>";
		};
		786F68332AF3999C004E59F7 /* Dashboard */ = {
			isa = PBXGroup;
			children = (
				786F683A2AF39BE8004E59F7 /* view */,
				786F68342AF399A2004E59F7 /* controller */,
			);
			path = Dashboard;
			sourceTree = "<group>";
		};
		786F68342AF399A2004E59F7 /* controller */ = {
			isa = PBXGroup;
			children = (
				786F68412AF39F9D004E59F7 /* DashboardTabBarController.swift */,
				786F68492AF3A1BA004E59F7 /* DashboardNavigationController.swift */,
			);
			path = controller;
			sourceTree = "<group>";
		};
		786F683A2AF39BE8004E59F7 /* view */ = {
			isa = PBXGroup;
			children = (
				786F683B2AF39C00004E59F7 /* DashboardTabBar.swift */,
			);
			path = view;
			sourceTree = "<group>";
		};
		786F68432AF3A14B004E59F7 /* Home */ = {
			isa = PBXGroup;
			children = (
				78B65E2C2AF3D04A0028B84A /* view */,
				786F68442AF3A14F004E59F7 /* controller */,
			);
			path = Home;
			sourceTree = "<group>";
		};
		786F68442AF3A14F004E59F7 /* controller */ = {
			isa = PBXGroup;
			children = (
				786F68452AF3A172004E59F7 /* HomeController.swift */,
				786F68462AF3A172004E59F7 /* HomeController.xib */,
				786F68582AF3C745004E59F7 /* HomeController+IB.swift */,
			);
			path = controller;
			sourceTree = "<group>";
		};
		786F684F2AF3AB36004E59F7 /* Extensions */ = {
			isa = PBXGroup;
			children = (
				786F68502AF3AB4F004E59F7 /* UIImage+Ext.swift */,
				786F68522AF3B39B004E59F7 /* UIView+Ext.swift */,
			);
			path = Extensions;
			sourceTree = "<group>";
		};
		78B65E2C2AF3D04A0028B84A /* view */ = {
			isa = PBXGroup;
			children = (
				78B65E5F2AF426720028B84A /* table-view-cells */,
				78B65E4A2AF4126E0028B84A /* collection-view-cells */,
				78B65E692AF42E0D0028B84A /* NewsletterView */,
				78B65E5A2AF425C50028B84A /* AnnouncementView */,
				78B65E502AF419300028B84A /* PromotionView */,
				78B65E452AF411740028B84A /* SpecialpromotionView */,
				78B65E402AF40E8F0028B84A /* BannerView */,
			);
			path = view;
			sourceTree = "<group>";
		};
		78B65E402AF40E8F0028B84A /* BannerView */ = {
			isa = PBXGroup;
			children = (
				78B65E412AF40E8F0028B84A /* BannerView.xib */,
				78B65E422AF40E8F0028B84A /* BannerView.swift */,
			);
			path = BannerView;
			sourceTree = "<group>";
		};
		78B65E452AF411740028B84A /* SpecialpromotionView */ = {
			isa = PBXGroup;
			children = (
				78B65E462AF411AA0028B84A /* SpecialPromotionView.swift */,
				78B65E472AF411AA0028B84A /* SpecialPromotionView.xib */,
			);
			path = SpecialpromotionView;
			sourceTree = "<group>";
		};
		78B65E4A2AF4126E0028B84A /* collection-view-cells */ = {
			isa = PBXGroup;
			children = (
				78B65E642AF42C8F0028B84A /* NewsletterCell */,
				78B65E552AF41A1D0028B84A /* PromotionCell */,
				78B65E4B2AF412800028B84A /* SpecialpromotionCell */,
			);
			path = "collection-view-cells";
			sourceTree = "<group>";
		};
		78B65E4B2AF412800028B84A /* SpecialpromotionCell */ = {
			isa = PBXGroup;
			children = (
				78B65E4C2AF4129D0028B84A /* SpecialpromotionItemCell.swift */,
				78B65E4D2AF4129D0028B84A /* SpecialpromotionItemCell.xib */,
			);
			path = SpecialpromotionCell;
			sourceTree = "<group>";
		};
		78B65E502AF419300028B84A /* PromotionView */ = {
			isa = PBXGroup;
			children = (
				78B65E512AF419480028B84A /* PromotionView.swift */,
				78B65E522AF419480028B84A /* PromotionView.xib */,
			);
			path = PromotionView;
			sourceTree = "<group>";
		};
		78B65E552AF41A1D0028B84A /* PromotionCell */ = {
			isa = PBXGroup;
			children = (
				78B65E562AF41A320028B84A /* PromotionItemCell.swift */,
				78B65E572AF41A320028B84A /* PromotionItemCell.xib */,
			);
			path = PromotionCell;
			sourceTree = "<group>";
		};
		78B65E5A2AF425C50028B84A /* AnnouncementView */ = {
			isa = PBXGroup;
			children = (
				78B65E5B2AF425F00028B84A /* AnnouncementView.swift */,
				78B65E5C2AF425F00028B84A /* AnnouncementView.xib */,
			);
			path = AnnouncementView;
			sourceTree = "<group>";
		};
		78B65E5F2AF426720028B84A /* table-view-cells */ = {
			isa = PBXGroup;
			children = (
				78B65E602AF426900028B84A /* AnnouncementItemCell.swift */,
				78B65E612AF426900028B84A /* AnnouncementItemCell.xib */,
			);
			path = "table-view-cells";
			sourceTree = "<group>";
		};
		78B65E642AF42C8F0028B84A /* NewsletterCell */ = {
			isa = PBXGroup;
			children = (
				78B65E652AF42CB60028B84A /* NewsletterItemCell.swift */,
				78B65E662AF42CB60028B84A /* NewsletterItemCell.xib */,
			);
			path = NewsletterCell;
			sourceTree = "<group>";
		};
		78B65E692AF42E0D0028B84A /* NewsletterView */ = {
			isa = PBXGroup;
			children = (
				78B65E6A2AF42E280028B84A /* NewsletterView.swift */,
				78B65E6B2AF42E280028B84A /* NewsletterView.xib */,
			);
			path = NewsletterView;
			sourceTree = "<group>";
		};
		7EDBFFFE6285C5AB90C00A5D /* Frameworks */ = {
			isa = PBXGroup;
			children = (
				786F683D2AF39C68004E59F7 /* UIComponents.framework */,
				DBF33517C38DC8FBAE880F9A /* Pods_CodingTestOneNex.framework */,
			);
			name = Frameworks;
			sourceTree = "<group>";
		};
/* End PBXGroup section */

/* Begin PBXNativeTarget section */
		786F67D02AF363EF004E59F7 /* CodingTestOneNex */ = {
			isa = PBXNativeTarget;
			buildConfigurationList = 786F67E52AF363EF004E59F7 /* Build configuration list for PBXNativeTarget "CodingTestOneNex" */;
			buildPhases = (
				A6565631E1DC9F5778ADB9E8 /* [CP] Check Pods Manifest.lock */,
				786F67CD2AF363EF004E59F7 /* Sources */,
				786F67CE2AF363EF004E59F7 /* Frameworks */,
				786F67CF2AF363EF004E59F7 /* Resources */,
				2BA4FCCE6EDF3406D6F24FC5 /* [CP] Embed Pods Frameworks */,
			);
			buildRules = (
			);
			dependencies = (
			);
			name = CodingTestOneNex;
			productName = CodingTestOneNex;
			productReference = 786F67D12AF363EF004E59F7 /* CodingTestOneNex.app */;
			productType = "com.apple.product-type.application";
		};
/* End PBXNativeTarget section */

/* Begin PBXProject section */
		786F67C92AF363EF004E59F7 /* Project object */ = {
			isa = PBXProject;
			attributes = {
				BuildIndependentTargetsInParallel = 1;
				LastSwiftUpdateCheck = 1430;
				LastUpgradeCheck = 1430;
				TargetAttributes = {
					786F67D02AF363EF004E59F7 = {
						CreatedOnToolsVersion = 14.3.1;
					};
				};
			};
			buildConfigurationList = 786F67CC2AF363EF004E59F7 /* Build configuration list for PBXProject "CodingTestOneNex" */;
			compatibilityVersion = "Xcode 13.0";
			developmentRegion = en;
			hasScannedForEncodings = 0;
			knownRegions = (
				en,
				Base,
			);
			mainGroup = 786F67C82AF363EF004E59F7;
			productRefGroup = 786F67D22AF363EF004E59F7 /* Products */;
			projectDirPath = "";
			projectRoot = "";
			targets = (
				786F67D02AF363EF004E59F7 /* CodingTestOneNex */,
			);
		};
/* End PBXProject section */

/* Begin PBXResourcesBuildPhase section */
		786F67CF2AF363EF004E59F7 /* Resources */ = {
			isa = PBXResourcesBuildPhase;
			buildActionMask = 2147483647;
			files = (
				78B65E6D2AF42E280028B84A /* NewsletterView.xib in Resources */,
				786F67E12AF363EF004E59F7 /* LaunchScreen.storyboard in Resources */,
				786F68312AF398FF004E59F7 /* Color.xcassets in Resources */,
				78B65E632AF426900028B84A /* AnnouncementItemCell.xib in Resources */,
				78B65E682AF42CB60028B84A /* NewsletterItemCell.xib in Resources */,
				786F67DE2AF363EF004E59F7 /* Assets.xcassets in Resources */,
				78B65E4F2AF4129D0028B84A /* SpecialpromotionItemCell.xib in Resources */,
				78B65E592AF41A320028B84A /* PromotionItemCell.xib in Resources */,
				78B65E542AF419480028B84A /* PromotionView.xib in Resources */,
				786F68482AF3A172004E59F7 /* HomeController.xib in Resources */,
				78B65E5E2AF425F00028B84A /* AnnouncementView.xib in Resources */,
				78B65E492AF411AA0028B84A /* SpecialPromotionView.xib in Resources */,
				78B65E432AF40E8F0028B84A /* BannerView.xib in Resources */,
			);
			runOnlyForDeploymentPostprocessing = 0;
		};
/* End PBXResourcesBuildPhase section */

/* Begin PBXShellScriptBuildPhase section */
		2BA4FCCE6EDF3406D6F24FC5 /* [CP] Embed Pods Frameworks */ = {
			isa = PBXShellScriptBuildPhase;
			buildActionMask = 2147483647;
			files = (
			);
			inputFileListPaths = (
				"${PODS_ROOT}/Target Support Files/Pods-CodingTestOneNex/Pods-CodingTestOneNex-frameworks-${CONFIGURATION}-input-files.xcfilelist",
			);
			name = "[CP] Embed Pods Frameworks";
			outputFileListPaths = (
				"${PODS_ROOT}/Target Support Files/Pods-CodingTestOneNex/Pods-CodingTestOneNex-frameworks-${CONFIGURATION}-output-files.xcfilelist",
			);
			runOnlyForDeploymentPostprocessing = 0;
			shellPath = /bin/sh;
			shellScript = "\"${PODS_ROOT}/Target Support Files/Pods-CodingTestOneNex/Pods-CodingTestOneNex-frameworks.sh\"\n";
			showEnvVarsInLog = 0;
		};
		A6565631E1DC9F5778ADB9E8 /* [CP] Check Pods Manifest.lock */ = {
			isa = PBXShellScriptBuildPhase;
			buildActionMask = 2147483647;
			files = (
			);
			inputFileListPaths = (
			);
			inputPaths = (
				"${PODS_PODFILE_DIR_PATH}/Podfile.lock",
				"${PODS_ROOT}/Manifest.lock",
			);
			name = "[CP] Check Pods Manifest.lock";
			outputFileListPaths = (
			);
			outputPaths = (
				"$(DERIVED_FILE_DIR)/Pods-CodingTestOneNex-checkManifestLockResult.txt",
			);
			runOnlyForDeploymentPostprocessing = 0;
			shellPath = /bin/sh;
			shellScript = "diff \"${PODS_PODFILE_DIR_PATH}/Podfile.lock\" \"${PODS_ROOT}/Manifest.lock\" > /dev/null\nif [ $? != 0 ] ; then\n    # print error to STDERR\n    echo \"error: The sandbox is not in sync with the Podfile.lock. Run 'pod install' or update your CocoaPods installation.\" >&2\n    exit 1\nfi\n# This output is used by Xcode 'outputs' to avoid re-running this script phase.\necho \"SUCCESS\" > \"${SCRIPT_OUTPUT_FILE_0}\"\n";
			showEnvVarsInLog = 0;
		};
/* End PBXShellScriptBuildPhase section */

/* Begin PBXSourcesBuildPhase section */
		786F67CD2AF363EF004E59F7 /* Sources */ = {
			isa = PBXSourcesBuildPhase;
			buildActionMask = 2147483647;
			files = (
				78B65E532AF419480028B84A /* PromotionView.swift in Sources */,
				7850F21B2AF4E8EA00AB6AFA /* NibBasedControl.swift in Sources */,
				7850F21E2AF4E8EA00AB6AFA /* NibBasedCollectionViewReusableView.swift in Sources */,
				786F68592AF3C745004E59F7 /* HomeController+IB.swift in Sources */,
				786F67D52AF363EF004E59F7 /* MainAppDelegate.swift in Sources */,
				786F67D72AF363EF004E59F7 /* MainSceneDelegate.swift in Sources */,
				786F68532AF3B39B004E59F7 /* UIView+Ext.swift in Sources */,
				7850F1FC2AF4E8D000AB6AFA /* APIClient.swift in Sources */,
				7850F2142AF4E8EA00AB6AFA /* CDT+UIImage.swift in Sources */,
				786F684E2AF3A885004E59F7 /* main.swift in Sources */,
				786F68422AF39F9D004E59F7 /* DashboardTabBarController.swift in Sources */,
				78B65E622AF426900028B84A /* AnnouncementItemCell.swift in Sources */,
				78B65E482AF411AA0028B84A /* SpecialPromotionView.swift in Sources */,
				78B65E582AF41A320028B84A /* PromotionItemCell.swift in Sources */,
				78B65E5D2AF425F00028B84A /* AnnouncementView.swift in Sources */,
				786F683C2AF39C00004E59F7 /* DashboardTabBar.swift in Sources */,
				7850F2152AF4E8EA00AB6AFA /* CustomizedSearchBar.swift in Sources */,
				78B65E4E2AF4129D0028B84A /* SpecialpromotionItemCell.swift in Sources */,
				7850F2192AF4E8EA00AB6AFA /* NibBasedTableViewHeaderFooterView.swift in Sources */,
				786F684A2AF3A1BA004E59F7 /* DashboardNavigationController.swift in Sources */,
				7850F1FE2AF4E8D000AB6AFA /* LoginRequest.swift in Sources */,
				786F68512AF3AB4F004E59F7 /* UIImage+Ext.swift in Sources */,
				7850F2182AF4E8EA00AB6AFA /* NibBasedView.swift in Sources */,
				7850F2162AF4E8EA00AB6AFA /* CDT+UIColor+DesignSystem.swift in Sources */,
				78B65E6C2AF42E280028B84A /* NewsletterView.swift in Sources */,
				7850F2172AF4E8EA00AB6AFA /* CDT+UIColor.swift in Sources */,
				7850F1FF2AF4E8D000AB6AFA /* APIConfiguratoin.swift in Sources */,
				7850F21A2AF4E8EA00AB6AFA /* NibBasedTableViewCell.swift in Sources */,
				786F684C2AF3A298004E59F7 /* App.swift in Sources */,
				78B65E672AF42CB60028B84A /* NewsletterItemCell.swift in Sources */,
				7850F2132AF4E8EA00AB6AFA /* CDT+Images.swift in Sources */,
				786F68472AF3A172004E59F7 /* HomeController.swift in Sources */,
				7850F21C2AF4E8EA00AB6AFA /* NibLoadableViewProtocol.swift in Sources */,
				7850F21D2AF4E8EA00AB6AFA /* NibBasedCollectionViewCell.swift in Sources */,
				78B65E442AF40E8F0028B84A /* BannerView.swift in Sources */,
				7850F1FD2AF4E8D000AB6AFA /* APIRouter.swift in Sources */,
				7850F1FB2AF4E8D000AB6AFA /* LoginResponse.swift in Sources */,
			);
			runOnlyForDeploymentPostprocessing = 0;
		};
/* End PBXSourcesBuildPhase section */

/* Begin PBXVariantGroup section */
		786F67DF2AF363EF004E59F7 /* LaunchScreen.storyboard */ = {
			isa = PBXVariantGroup;
			children = (
				786F67E02AF363EF004E59F7 /* Base */,
			);
			name = LaunchScreen.storyboard;
			sourceTree = "<group>";
		};
/* End PBXVariantGroup section */

/* Begin XCBuildConfiguration section */
		786F67E32AF363EF004E59F7 /* Debug */ = {
			isa = XCBuildConfiguration;
			buildSettings = {
				ALWAYS_SEARCH_USER_PATHS = NO;
				CLANG_ANALYZER_NONNULL = YES;
				CLANG_ANALYZER_NUMBER_OBJECT_CONVERSION = YES_AGGRESSIVE;
				CLANG_CXX_LANGUAGE_STANDARD = "gnu++20";
				CLANG_ENABLE_MODULES = YES;
				CLANG_ENABLE_OBJC_ARC = YES;
				CLANG_ENABLE_OBJC_WEAK = YES;
				CLANG_WARN_BLOCK_CAPTURE_AUTORELEASING = YES;
				CLANG_WARN_BOOL_CONVERSION = YES;
				CLANG_WARN_COMMA = YES;
				CLANG_WARN_CONSTANT_CONVERSION = YES;
				CLANG_WARN_DEPRECATED_OBJC_IMPLEMENTATIONS = YES;
				CLANG_WARN_DIRECT_OBJC_ISA_USAGE = YES_ERROR;
				CLANG_WARN_DOCUMENTATION_COMMENTS = YES;
				CLANG_WARN_EMPTY_BODY = YES;
				CLANG_WARN_ENUM_CONVERSION = YES;
				CLANG_WARN_INFINITE_RECURSION = YES;
				CLANG_WARN_INT_CONVERSION = YES;
				CLANG_WARN_NON_LITERAL_NULL_CONVERSION = YES;
				CLANG_WARN_OBJC_IMPLICIT_RETAIN_SELF = YES;
				CLANG_WARN_OBJC_LITERAL_CONVERSION = YES;
				CLANG_WARN_OBJC_ROOT_CLASS = YES_ERROR;
				CLANG_WARN_QUOTED_INCLUDE_IN_FRAMEWORK_HEADER = YES;
				CLANG_WARN_RANGE_LOOP_ANALYSIS = YES;
				CLANG_WARN_STRICT_PROTOTYPES = YES;
				CLANG_WARN_SUSPICIOUS_MOVE = YES;
				CLANG_WARN_UNGUARDED_AVAILABILITY = YES_AGGRESSIVE;
				CLANG_WARN_UNREACHABLE_CODE = YES;
				CLANG_WARN__DUPLICATE_METHOD_MATCH = YES;
				COPY_PHASE_STRIP = NO;
				DEBUG_INFORMATION_FORMAT = dwarf;
				ENABLE_STRICT_OBJC_MSGSEND = YES;
				ENABLE_TESTABILITY = YES;
				GCC_C_LANGUAGE_STANDARD = gnu11;
				GCC_DYNAMIC_NO_PIC = NO;
				GCC_NO_COMMON_BLOCKS = YES;
				GCC_OPTIMIZATION_LEVEL = 0;
				GCC_PREPROCESSOR_DEFINITIONS = (
					"DEBUG=1",
					"$(inherited)",
				);
				GCC_WARN_64_TO_32_BIT_CONVERSION = YES;
				GCC_WARN_ABOUT_RETURN_TYPE = YES_ERROR;
				GCC_WARN_UNDECLARED_SELECTOR = YES;
				GCC_WARN_UNINITIALIZED_AUTOS = YES_AGGRESSIVE;
				GCC_WARN_UNUSED_FUNCTION = YES;
				GCC_WARN_UNUSED_VARIABLE = YES;
				IPHONEOS_DEPLOYMENT_TARGET = 16.4;
				MTL_ENABLE_DEBUG_INFO = INCLUDE_SOURCE;
				MTL_FAST_MATH = YES;
				ONLY_ACTIVE_ARCH = YES;
				SDKROOT = iphoneos;
				SWIFT_ACTIVE_COMPILATION_CONDITIONS = DEBUG;
				SWIFT_OPTIMIZATION_LEVEL = "-Onone";
			};
			name = Debug;
		};
		786F67E42AF363EF004E59F7 /* Release */ = {
			isa = XCBuildConfiguration;
			buildSettings = {
				ALWAYS_SEARCH_USER_PATHS = NO;
				CLANG_ANALYZER_NONNULL = YES;
				CLANG_ANALYZER_NUMBER_OBJECT_CONVERSION = YES_AGGRESSIVE;
				CLANG_CXX_LANGUAGE_STANDARD = "gnu++20";
				CLANG_ENABLE_MODULES = YES;
				CLANG_ENABLE_OBJC_ARC = YES;
				CLANG_ENABLE_OBJC_WEAK = YES;
				CLANG_WARN_BLOCK_CAPTURE_AUTORELEASING = YES;
				CLANG_WARN_BOOL_CONVERSION = YES;
				CLANG_WARN_COMMA = YES;
				CLANG_WARN_CONSTANT_CONVERSION = YES;
				CLANG_WARN_DEPRECATED_OBJC_IMPLEMENTATIONS = YES;
				CLANG_WARN_DIRECT_OBJC_ISA_USAGE = YES_ERROR;
				CLANG_WARN_DOCUMENTATION_COMMENTS = YES;
				CLANG_WARN_EMPTY_BODY = YES;
				CLANG_WARN_ENUM_CONVERSION = YES;
				CLANG_WARN_INFINITE_RECURSION = YES;
				CLANG_WARN_INT_CONVERSION = YES;
				CLANG_WARN_NON_LITERAL_NULL_CONVERSION = YES;
				CLANG_WARN_OBJC_IMPLICIT_RETAIN_SELF = YES;
				CLANG_WARN_OBJC_LITERAL_CONVERSION = YES;
				CLANG_WARN_OBJC_ROOT_CLASS = YES_ERROR;
				CLANG_WARN_QUOTED_INCLUDE_IN_FRAMEWORK_HEADER = YES;
				CLANG_WARN_RANGE_LOOP_ANALYSIS = YES;
				CLANG_WARN_STRICT_PROTOTYPES = YES;
				CLANG_WARN_SUSPICIOUS_MOVE = YES;
				CLANG_WARN_UNGUARDED_AVAILABILITY = YES_AGGRESSIVE;
				CLANG_WARN_UNREACHABLE_CODE = YES;
				CLANG_WARN__DUPLICATE_METHOD_MATCH = YES;
				COPY_PHASE_STRIP = NO;
				DEBUG_INFORMATION_FORMAT = "dwarf-with-dsym";
				ENABLE_NS_ASSERTIONS = NO;
				ENABLE_STRICT_OBJC_MSGSEND = YES;
				GCC_C_LANGUAGE_STANDARD = gnu11;
				GCC_NO_COMMON_BLOCKS = YES;
				GCC_WARN_64_TO_32_BIT_CONVERSION = YES;
				GCC_WARN_ABOUT_RETURN_TYPE = YES_ERROR;
				GCC_WARN_UNDECLARED_SELECTOR = YES;
				GCC_WARN_UNINITIALIZED_AUTOS = YES_AGGRESSIVE;
				GCC_WARN_UNUSED_FUNCTION = YES;
				GCC_WARN_UNUSED_VARIABLE = YES;
				IPHONEOS_DEPLOYMENT_TARGET = 16.4;
				MTL_ENABLE_DEBUG_INFO = NO;
				MTL_FAST_MATH = YES;
				SDKROOT = iphoneos;
				SWIFT_COMPILATION_MODE = wholemodule;
				SWIFT_OPTIMIZATION_LEVEL = "-O";
				VALIDATE_PRODUCT = YES;
			};
			name = Release;
		};
		786F67E62AF363EF004E59F7 /* Debug */ = {
			isa = XCBuildConfiguration;
			baseConfigurationReference = F9D8DE0DE8DD1979A26E70C5 /* Pods-CodingTestOneNex.debug.xcconfig */;
			buildSettings = {
				ASSETCATALOG_COMPILER_APPICON_NAME = AppIcon;
				ASSETCATALOG_COMPILER_GLOBAL_ACCENT_COLOR_NAME = AccentColor;
				CODE_SIGN_STYLE = Automatic;
				CURRENT_PROJECT_VERSION = 1;
				DEVELOPMENT_TEAM = 53N76S33FJ;
				"EXCLUDED_ARCHS[sdk=iphonesimulator*]" = arm64;
				GENERATE_INFOPLIST_FILE = YES;
				INFOPLIST_FILE = CodingTestOneNex/Application/Info/Info.plist;
				INFOPLIST_KEY_UIApplicationSupportsIndirectInputEvents = YES;
				INFOPLIST_KEY_UILaunchStoryboardName = LaunchScreen;
				INFOPLIST_KEY_UISupportedInterfaceOrientations_iPad = "UIInterfaceOrientationPortrait UIInterfaceOrientationPortraitUpsideDown UIInterfaceOrientationLandscapeLeft UIInterfaceOrientationLandscapeRight";
				INFOPLIST_KEY_UISupportedInterfaceOrientations_iPhone = "UIInterfaceOrientationPortrait UIInterfaceOrientationLandscapeLeft UIInterfaceOrientationLandscapeRight";
				LD_RUNPATH_SEARCH_PATHS = (
					"$(inherited)",
					"@executable_path/Frameworks",
				);
				MARKETING_VERSION = 1.0;
				PRODUCT_BUNDLE_IDENTIFIER = com.dev.CodingTestOneNex;
				PRODUCT_NAME = "$(TARGET_NAME)";
				SWIFT_EMIT_LOC_STRINGS = YES;
				SWIFT_VERSION = 5.0;
				TARGETED_DEVICE_FAMILY = "1,2";
			};
			name = Debug;
		};
		786F67E72AF363EF004E59F7 /* Release */ = {
			isa = XCBuildConfiguration;
			baseConfigurationReference = 59DE311F99A658BA9124641D /* Pods-CodingTestOneNex.release.xcconfig */;
			buildSettings = {
				ASSETCATALOG_COMPILER_APPICON_NAME = AppIcon;
				ASSETCATALOG_COMPILER_GLOBAL_ACCENT_COLOR_NAME = AccentColor;
				CODE_SIGN_STYLE = Automatic;
				CURRENT_PROJECT_VERSION = 1;
				DEVELOPMENT_TEAM = 53N76S33FJ;
				"EXCLUDED_ARCHS[sdk=iphonesimulator*]" = arm64;
				GENERATE_INFOPLIST_FILE = YES;
				INFOPLIST_FILE = CodingTestOneNex/Application/Info/Info.plist;
				INFOPLIST_KEY_UIApplicationSupportsIndirectInputEvents = YES;
				INFOPLIST_KEY_UILaunchStoryboardName = LaunchScreen;
				INFOPLIST_KEY_UISupportedInterfaceOrientations_iPad = "UIInterfaceOrientationPortrait UIInterfaceOrientationPortraitUpsideDown UIInterfaceOrientationLandscapeLeft UIInterfaceOrientationLandscapeRight";
				INFOPLIST_KEY_UISupportedInterfaceOrientations_iPhone = "UIInterfaceOrientationPortrait UIInterfaceOrientationLandscapeLeft UIInterfaceOrientationLandscapeRight";
				LD_RUNPATH_SEARCH_PATHS = (
					"$(inherited)",
					"@executable_path/Frameworks",
				);
				MARKETING_VERSION = 1.0;
				PRODUCT_BUNDLE_IDENTIFIER = com.dev.CodingTestOneNex;
				PRODUCT_NAME = "$(TARGET_NAME)";
				SWIFT_EMIT_LOC_STRINGS = YES;
				SWIFT_VERSION = 5.0;
				TARGETED_DEVICE_FAMILY = "1,2";
			};
			name = Release;
		};
/* End XCBuildConfiguration section */

/* Begin XCConfigurationList section */
		786F67CC2AF363EF004E59F7 /* Build configuration list for PBXProject "CodingTestOneNex" */ = {
			isa = XCConfigurationList;
			buildConfigurations = (
				786F67E32AF363EF004E59F7 /* Debug */,
				786F67E42AF363EF004E59F7 /* Release */,
			);
			defaultConfigurationIsVisible = 0;
			defaultConfigurationName = Release;
		};
		786F67E52AF363EF004E59F7 /* Build configuration list for PBXNativeTarget "CodingTestOneNex" */ = {
			isa = XCConfigurationList;
			buildConfigurations = (
				786F67E62AF363EF004E59F7 /* Debug */,
				786F67E72AF363EF004E59F7 /* Release */,
			);
			defaultConfigurationIsVisible = 0;
			defaultConfigurationName = Release;
		};
/* End XCConfigurationList section */
	};
	rootObject = 786F67C92AF363EF004E59F7 /* Project object */;
}
